
Microsoft Visual Studio Solution File, Format Version 12.00
# Visual Studio 15
VisualStudioVersion = 15.0.28307.489
MinimumVisualStudioVersion = 10.0.40219.1
Project("{8BC9CEB8-8B4A-11D0-8D11-00A0C91BC942}") = "MFCApplication1", "MFCApplication1\MFCApplication1.vcxproj", "{FDD04911-BEE3-4E6F-9948-DEE72B54B622}"
EndProject
Global
	GlobalSection(SolutionConfigurationPlatforms) = preSolution
		Debug|x64 = Debug|x64
		Debug|x86 = Debug|x86
		Release|x64 = Release|x64
		Release|x86 = Release|x86
	EndGlobalSection
	GlobalSection(ProjectConfigurationPlatforms) = postSolution
		{FDD04911-BEE3-4E6F-9948-DEE72B54B622}.Debug|x64.ActiveCfg = Debug|x64
		{FDD04911-BEE3-4E6F-9948-DEE72B54B622}.Debug|x64.Build.0 = Debug|x64
		{FDD04911-BEE3-4E6F-9948-DEE72B54B622}.Debug|x86.ActiveCfg = Debug|Win32
		{FDD04911-BEE3-4E6F-9948-DEE72B54B622}.Debug|x86.Build.0 = Debug|Win32
		{FDD04911-BEE3-4E6F-9948-DEE72B54B622}.Release|x64.ActiveCfg = Release|x64
		{FDD04911-BEE3-4E6F-9948-DEE72B54B622}.Release|x64.Build.0 = Release|x64
		{FDD04911-BEE3-4E6F-9948-DEE72B54B622}.Release|x86.ActiveCfg = Release|Win32
		{FDD04911-BEE3-4E6F-9948-DEE72B54B622}.Release|x86.Build.0 = Release|Win32
	EndGlobalSection
	GlobalSection(SolutionProperties) = preSolution
		HideSolutionNode = FALSE
	EndGlobalSection
	GlobalSection(ExtensibilityGlobals) = postSolution
		SolutionGuid = {BF31D533-91E7-4C5D-94E6-05B3962209F6}
	EndGlobalSection
EndGlobal
